
Microsoft Visual Studio Solution File, Format Version 12.00
# Visual Studio Version 17
VisualStudioVersion = 17.8.34309.116
MinimumVisualStudioVersion = 10.0.40219.1
Project("{FAE04EC0-301F-11D3-BF4B-00C04F79EFBC}") = "ConAppAss21Part2", "ConAppAss21Part2\ConAppAss21Part2.csproj", "{384C5AF7-E5E3-4E9C-9BEC-DE15EBE31B98}"
EndProject
Global
	GlobalSection(SolutionConfigurationPlatforms) = preSolution
		Debug|Any CPU = Debug|Any CPU
		Release|Any CPU = Release|Any CPU
	EndGlobalSection
	GlobalSection(ProjectConfigurationPlatforms) = postSolution
		{384C5AF7-E5E3-4E9C-9BEC-DE15EBE31B98}.Debug|Any CPU.ActiveCfg = Debug|Any CPU
		{384C5AF7-E5E3-4E9C-9BEC-DE15EBE31B98}.Debug|Any CPU.Build.0 = Debug|Any CPU
		{384C5AF7-E5E3-4E9C-9BEC-DE15EBE31B98}.Release|Any CPU.ActiveCfg = Release|Any CPU
		{384C5AF7-E5E3-4E9C-9BEC-DE15EBE31B98}.Release|Any CPU.Build.0 = Release|Any CPU
	EndGlobalSection
	GlobalSection(SolutionProperties) = preSolution
		HideSolutionNode = FALSE
	EndGlobalSection
	GlobalSection(ExtensibilityGlobals) = postSolution
		SolutionGuid = {CDC360CA-0409-48F3-913A-EF6EA29BAFC4}
	EndGlobalSection
EndGlobal
